// !$*UTF8*$!
{
	archiveVersion = 1;
	classes = {
	};
	objectVersion = 50;
	objects = {

/* Begin PBXBuildFile section */
		0FB467E526A9F375008BBF10 /* Preview Assets.xcassets in Resources */ = {isa = PBXBuildFile; fileRef = 0FB467E426A9F375008BBF10 /* Preview Assets.xcassets */; };
		0FB467F026A9F3D1008BBF10 /* LaunchScreen.storyboard in Resources */ = {isa = PBXBuildFile; fileRef = 0FB467EF26A9F3D1008BBF10 /* LaunchScreen.storyboard */; };
		0FB467F526A9F3DA008BBF10 /* Array+Only.swift in Sources */ = {isa = PBXBuildFile; fileRef = 0FB467F126A9F3DA008BBF10 /* Array+Only.swift */; };
		0FB467F626A9F3DA008BBF10 /* Assets.xcassets in Resources */ = {isa = PBXBuildFile; fileRef = 0FB467F226A9F3DA008BBF10 /* Assets.xcassets */; };
		0FB467F726A9F3DA008BBF10 /* Array+Identifiable.swift in Sources */ = {isa = PBXBuildFile; fileRef = 0FB467F326A9F3DA008BBF10 /* Array+Identifiable.swift */; };
		0FB467F826A9F3DA008BBF10 /* AppDelegate.swift in Sources */ = {isa = PBXBuildFile; fileRef = 0FB467F426A9F3DA008BBF10 /* AppDelegate.swift */; };
		0FB4680226A9F3E2008BBF10 /* MemoryGame.swift in Sources */ = {isa = PBXBuildFile; fileRef = 0FB467F926A9F3E2008BBF10 /* MemoryGame.swift */; };
		0FB4680326A9F3E2008BBF10 /* Pie.swift in Sources */ = {isa = PBXBuildFile; fileRef = 0FB467FA26A9F3E2008BBF10 /* Pie.swift */; };
		0FB4680426A9F3E2008BBF10 /* EmojiMemoryGameView.swift in Sources */ = {isa = PBXBuildFile; fileRef = 0FB467FB26A9F3E2008BBF10 /* EmojiMemoryGameView.swift */; };
		0FB4680526A9F3E2008BBF10 /* EmojiMemoryGame.swift in Sources */ = {isa = PBXBuildFile; fileRef = 0FB467FC26A9F3E2008BBF10 /* EmojiMemoryGame.swift */; };
		0FB4680626A9F3E2008BBF10 /* SceneDelegate.swift in Sources */ = {isa = PBXBuildFile; fileRef = 0FB467FD26A9F3E2008BBF10 /* SceneDelegate.swift */; };
		0FB4680726A9F3E2008BBF10 /* GridLayout.swift in Sources */ = {isa = PBXBuildFile; fileRef = 0FB467FE26A9F3E2008BBF10 /* GridLayout.swift */; };
		0FB4680926A9F3E2008BBF10 /* Cardify.swift in Sources */ = {isa = PBXBuildFile; fileRef = 0FB4680026A9F3E2008BBF10 /* Cardify.swift */; };
		0FB4680A26A9F3E2008BBF10 /* Grid.swift in Sources */ = {isa = PBXBuildFile; fileRef = 0FB4680126A9F3E2008BBF10 /* Grid.swift */; };
/* End PBXBuildFile section */

/* Begin PBXFileReference section */
		0FB467D826A9F373008BBF10 /* Matching Game.app */ = {isa = PBXFileReference; explicitFileType = wrapper.application; includeInIndex = 0; path = "Matching Game.app"; sourceTree = BUILT_PRODUCTS_DIR; };
		0FB467E426A9F375008BBF10 /* Preview Assets.xcassets */ = {isa = PBXFileReference; lastKnownFileType = folder.assetcatalog; path = "Preview Assets.xcassets"; sourceTree = "<group>"; };
		0FB467EF26A9F3D1008BBF10 /* LaunchScreen.storyboard */ = {isa = PBXFileReference; fileEncoding = 4; lastKnownFileType = file.storyboard; path = LaunchScreen.storyboard; sourceTree = "<group>"; };
		0FB467F126A9F3DA008BBF10 /* Array+Only.swift */ = {isa = PBXFileReference; fileEncoding = 4; lastKnownFileType = sourcecode.swift; path = "Array+Only.swift"; sourceTree = "<group>"; };
		0FB467F226A9F3DA008BBF10 /* Assets.xcassets */ = {isa = PBXFileReference; lastKnownFileType = folder.assetcatalog; path = Assets.xcassets; sourceTree = "<group>"; };
		0FB467F326A9F3DA008BBF10 /* Array+Identifiable.swift */ = {isa = PBXFileReference; fileEncoding = 4; lastKnownFileType = sourcecode.swift; path = "Array+Identifiable.swift"; sourceTree = "<group>"; };
		0FB467F426A9F3DA008BBF10 /* AppDelegate.swift */ = {isa = PBXFileReference; fileEncoding = 4; lastKnownFileType = sourcecode.swift; path = AppDelegate.swift; sourceTree = "<group>"; };
		0FB467F926A9F3E2008BBF10 /* MemoryGame.swift */ = {isa = PBXFileReference; fileEncoding = 4; lastKnownFileType = sourcecode.swift; path = MemoryGame.swift; sourceTree = "<group>"; };
		0FB467FA26A9F3E2008BBF10 /* Pie.swift */ = {isa = PBXFileReference; fileEncoding = 4; lastKnownFileType = sourcecode.swift; path = Pie.swift; sourceTree = "<group>"; };
		0FB467FB26A9F3E2008BBF10 /* EmojiMemoryGameView.swift */ = {isa = PBXFileReference; fileEncoding = 4; lastKnownFileType = sourcecode.swift; path = EmojiMemoryGameView.swift; sourceTree = "<group>"; };
		0FB467FC26A9F3E2008BBF10 /* EmojiMemoryGame.swift */ = {isa = PBXFileReference; fileEncoding = 4; lastKnownFileType = sourcecode.swift; path = EmojiMemoryGame.swift; sourceTree = "<group>"; };
		0FB467FD26A9F3E2008BBF10 /* SceneDelegate.swift */ = {isa = PBXFileReference; fileEncoding = 4; lastKnownFileType = sourcecode.swift; path = SceneDelegate.swift; sourceTree = "<group>"; };
		0FB467FE26A9F3E2008BBF10 /* GridLayout.swift */ = {isa = PBXFileReference; fileEncoding = 4; lastKnownFileType = sourcecode.swift; path = GridLayout.swift; sourceTree = "<group>"; };
		0FB467FF26A9F3E2008BBF10 /* Info.plist */ = {isa = PBXFileReference; fileEncoding = 4; lastKnownFileType = text.plist.xml; path = Info.plist; sourceTree = "<group>"; };
		0FB4680026A9F3E2008BBF10 /* Cardify.swift */ = {isa = PBXFileReference; fileEncoding = 4; lastKnownFileType = sourcecode.swift; path = Cardify.swift; sourceTree = "<group>"; };
		0FB4680126A9F3E2008BBF10 /* Grid.swift */ = {isa = PBXFileReference; fileEncoding = 4; lastKnownFileType = sourcecode.swift; path = Grid.swift; sourceTree = "<group>"; };
/* End PBXFileReference section */

/* Begin PBXFrameworksBuildPhase section */
		0FB467D526A9F373008BBF10 /* Frameworks */ = {
			isa = PBXFrameworksBuildPhase;
			buildActionMask = 2147483647;
			files = (
			);
			runOnlyForDeploymentPostprocessing = 0;
		};
/* End PBXFrameworksBuildPhase section */

/* Begin PBXGroup section */
		0FB467CF26A9F373008BBF10 = {
			isa = PBXGroup;
			children = (
				0FB467DA26A9F373008BBF10 /* Matching Game */,
				0FB467D926A9F373008BBF10 /* Products */,
			);
			sourceTree = "<group>";
		};
		0FB467D926A9F373008BBF10 /* Products */ = {
			isa = PBXGroup;
			children = (
				0FB467D826A9F373008BBF10 /* Matching Game.app */,
			);
			name = Products;
			sourceTree = "<group>";
		};
		0FB467DA26A9F373008BBF10 /* Matching Game */ = {
			isa = PBXGroup;
			children = (
				0FB467EF26A9F3D1008BBF10 /* LaunchScreen.storyboard */,
				0FB467F426A9F3DA008BBF10 /* AppDelegate.swift */,
				0FB467F326A9F3DA008BBF10 /* Array+Identifiable.swift */,
				0FB467F126A9F3DA008BBF10 /* Array+Only.swift */,
				0FB467F226A9F3DA008BBF10 /* Assets.xcassets */,
				0FB4680026A9F3E2008BBF10 /* Cardify.swift */,
				0FB467FC26A9F3E2008BBF10 /* EmojiMemoryGame.swift */,
				0FB467FB26A9F3E2008BBF10 /* EmojiMemoryGameView.swift */,
				0FB4680126A9F3E2008BBF10 /* Grid.swift */,
				0FB467FE26A9F3E2008BBF10 /* GridLayout.swift */,
				0FB467FF26A9F3E2008BBF10 /* Info.plist */,
				0FB467F926A9F3E2008BBF10 /* MemoryGame.swift */,
				0FB467FA26A9F3E2008BBF10 /* Pie.swift */,
				0FB467FD26A9F3E2008BBF10 /* SceneDelegate.swift */,
				0FB467E326A9F375008BBF10 /* Preview Content */,
			);
			path = "Matching Game";
			sourceTree = "<group>";
		};
		0FB467E326A9F375008BBF10 /* Preview Content */ = {
			isa = PBXGroup;
			children = (
				0FB467E426A9F375008BBF10 /* Preview Assets.xcassets */,
			);
			path = "Preview Content";
			sourceTree = "<group>";
		};
/* End PBXGroup section */

/* Begin PBXNativeTarget section */
		0FB467D726A9F373008BBF10 /* Matching Game */ = {
			isa = PBXNativeTarget;
			buildConfigurationList = 0FB467EC26A9F375008BBF10 /* Build configuration list for PBXNativeTarget "Matching Game" */;
			buildPhases = (
				0FB467D426A9F373008BBF10 /* Sources */,
				0FB467D526A9F373008BBF10 /* Frameworks */,
				0FB467D626A9F373008BBF10 /* Resources */,
			);
			buildRules = (
			);
			dependencies = (
			);
			name = "Matching Game";
			productName = "Matching Game";
			productReference = 0FB467D826A9F373008BBF10 /* Matching Game.app */;
			productType = "com.apple.product-type.application";
		};
/* End PBXNativeTarget section */

/* Begin PBXProject section */
		0FB467D026A9F373008BBF10 /* Project object */ = {
			isa = PBXProject;
			attributes = {
				LastSwiftUpdateCheck = 1250;
				LastUpgradeCheck = 1250;
				TargetAttributes = {
					0FB467D726A9F373008BBF10 = {
						CreatedOnToolsVersion = 12.5.1;
						LastSwiftMigration = 1250;
					};
				};
			};
			buildConfigurationList = 0FB467D326A9F373008BBF10 /* Build configuration list for PBXProject "Matching Game" */;
			compatibilityVersion = "Xcode 9.3";
			developmentRegion = en;
			hasScannedForEncodings = 0;
			knownRegions = (
				en,
				Base,
			);
			mainGroup = 0FB467CF26A9F373008BBF10;
			productRefGroup = 0FB467D926A9F373008BBF10 /* Products */;
			projectDirPath = "";
			projectRoot = "";
			targets = (
				0FB467D726A9F373008BBF10 /* Matching Game */,
			);
		};
/* End PBXProject section */

/* Begin PBXResourcesBuildPhase section */
		0FB467D626A9F373008BBF10 /* Resources */ = {
			isa = PBXResourcesBuildPhase;
			buildActionMask = 2147483647;
			files = (
				0FB467E526A9F375008BBF10 /* Preview Assets.xcassets in Resources */,
				0FB467F626A9F3DA008BBF10 /* Assets.xcassets in Resources */,
				0FB467F026A9F3D1008BBF10 /* LaunchScreen.storyboard in Resources */,
			);
			runOnlyForDeploymentPostprocessing = 0;
		};
/* End PBXResourcesBuildPhase section */

/* Begin PBXSourcesBuildPhase section */
		0FB467D426A9F373008BBF10 /* Sources */ = {
			isa = PBXSourcesBuildPhase;
			buildActionMask = 2147483647;
			files = (
				0FB4680326A9F3E2008BBF10 /* Pie.swift in Sources */,
				0FB467F826A9F3DA008BBF10 /* AppDelegate.swift in Sources */,
				0FB4680426A9F3E2008BBF10 /* EmojiMemoryGameView.swift in Sources */,
				0FB467F526A9F3DA008BBF10 /* Array+Only.swift in Sources */,
				0FB4680A26A9F3E2008BBF10 /* Grid.swift in Sources */,
				0FB4680226A9F3E2008BBF10 /* MemoryGame.swift in Sources */,
				0FB467F726A9F3DA008BBF10 /* Array+Identifiable.swift in Sources */,
				0FB4680726A9F3E2008BBF10 /* GridLayout.swift in Sources */,
				0FB4680526A9F3E2008BBF10 /* EmojiMemoryGame.swift in Sources */,
				0FB4680926A9F3E2008BBF10 /* Cardify.swift in Sources */,
				0FB4680626A9F3E2008BBF10 /* SceneDelegate.swift in Sources */,
			);
			runOnlyForDeploymentPostprocessing = 0;
		};
/* End PBXSourcesBuildPhase section */

/* Begin XCBuildConfiguration section */
		0FB467EA26A9F375008BBF10 /* Debug */ = {
			isa = XCBuildConfiguration;
			buildSettings = {
				ALWAYS_SEARCH_USER_PATHS = NO;
				CLANG_ANALYZER_NONNULL = YES;
				CLANG_ANALYZER_NUMBER_OBJECT_CONVERSION = YES_AGGRESSIVE;
				CLANG_CXX_LANGUAGE_STANDARD = "gnu++14";
				CLANG_CXX_LIBRARY = "libc++";
				CLANG_ENABLE_MODULES = YES;
				CLANG_ENABLE_OBJC_ARC = YES;
				CLANG_ENABLE_OBJC_WEAK = YES;
				CLANG_WARN_BLOCK_CAPTURE_AUTORELEASING = YES;
				CLANG_WARN_BOOL_CONVERSION = YES;
				CLANG_WARN_COMMA = YES;
				CLANG_WARN_CONSTANT_CONVERSION = YES;
				CLANG_WARN_DEPRECATED_OBJC_IMPLEMENTATIONS = YES;
				CLANG_WARN_DIRECT_OBJC_ISA_USAGE = YES_ERROR;
				CLANG_WARN_DOCUMENTATION_COMMENTS = YES;
				CLANG_WARN_EMPTY_BODY = YES;
				CLANG_WARN_ENUM_CONVERSION = YES;
				CLANG_WARN_INFINITE_RECURSION = YES;
				CLANG_WARN_INT_CONVERSION = YES;
				CLANG_WARN_NON_LITERAL_NULL_CONVERSION = YES;
				CLANG_WARN_OBJC_IMPLICIT_RETAIN_SELF = YES;
				CLANG_WARN_OBJC_LITERAL_CONVERSION = YES;
				CLANG_WARN_OBJC_ROOT_CLASS = YES_ERROR;
				CLANG_WARN_QUOTED_INCLUDE_IN_FRAMEWORK_HEADER = YES;
				CLANG_WARN_RANGE_LOOP_ANALYSIS = YES;
				CLANG_WARN_STRICT_PROTOTYPES = YES;
				CLANG_WARN_SUSPICIOUS_MOVE = YES;
				CLANG_WARN_UNGUARDED_AVAILABILITY = YES_AGGRESSIVE;
				CLANG_WARN_UNREACHABLE_CODE = YES;
				CLANG_WARN__DUPLICATE_METHOD_MATCH = YES;
				COPY_PHASE_STRIP = NO;
				DEBUG_INFORMATION_FORMAT = dwarf;
				ENABLE_STRICT_OBJC_MSGSEND = YES;
				ENABLE_TESTABILITY = YES;
				GCC_C_LANGUAGE_STANDARD = gnu11;
				GCC_DYNAMIC_NO_PIC = NO;
				GCC_NO_COMMON_BLOCKS = YES;
				GCC_OPTIMIZATION_LEVEL = 0;
				GCC_PREPROCESSOR_DEFINITIONS = (
					"DEBUG=1",
					"$(inherited)",
				);
				GCC_WARN_64_TO_32_BIT_CONVERSION = YES;
				GCC_WARN_ABOUT_RETURN_TYPE = YES_ERROR;
				GCC_WARN_UNDECLARED_SELECTOR = YES;
				GCC_WARN_UNINITIALIZED_AUTOS = YES_AGGRESSIVE;
				GCC_WARN_UNUSED_FUNCTION = YES;
				GCC_WARN_UNUSED_VARIABLE = YES;
				IPHONEOS_DEPLOYMENT_TARGET = 14.5;
				MTL_ENABLE_DEBUG_INFO = INCLUDE_SOURCE;
				MTL_FAST_MATH = YES;
				ONLY_ACTIVE_ARCH = YES;
				SDKROOT = iphoneos;
				SWIFT_ACTIVE_COMPILATION_CONDITIONS = DEBUG;
				SWIFT_OPTIMIZATION_LEVEL = "-Onone";
			};
			name = Debug;
		};
		0FB467EB26A9F375008BBF10 /* Release */ = {
			isa = XCBuildConfiguration;
			buildSettings = {
				ALWAYS_SEARCH_USER_PATHS = NO;
				CLANG_ANALYZER_NONNULL = YES;
				CLANG_ANALYZER_NUMBER_OBJECT_CONVERSION = YES_AGGRESSIVE;
				CLANG_CXX_LANGUAGE_STANDARD = "gnu++14";
				CLANG_CXX_LIBRARY = "libc++";
				CLANG_ENABLE_MODULES = YES;
				CLANG_ENABLE_OBJC_ARC = YES;
				CLANG_ENABLE_OBJC_WEAK = YES;
				CLANG_WARN_BLOCK_CAPTURE_AUTORELEASING = YES;
				CLANG_WARN_BOOL_CONVERSION = YES;
				CLANG_WARN_COMMA = YES;
				CLANG_WARN_CONSTANT_CONVERSION = YES;
				CLANG_WARN_DEPRECATED_OBJC_IMPLEMENTATIONS = YES;
				CLANG_WARN_DIRECT_OBJC_ISA_USAGE = YES_ERROR;
				CLANG_WARN_DOCUMENTATION_COMMENTS = YES;
				CLANG_WARN_EMPTY_BODY = YES;
				CLANG_WARN_ENUM_CONVERSION = YES;
				CLANG_WARN_INFINITE_RECURSION = YES;
				CLANG_WARN_INT_CONVERSION = YES;
				CLANG_WARN_NON_LITERAL_NULL_CONVERSION = YES;
				CLANG_WARN_OBJC_IMPLICIT_RETAIN_SELF = YES;
				CLANG_WARN_OBJC_LITERAL_CONVERSION = YES;
				CLANG_WARN_OBJC_ROOT_CLASS = YES_ERROR;
				CLANG_WARN_QUOTED_INCLUDE_IN_FRAMEWORK_HEADER = YES;
				CLANG_WARN_RANGE_LOOP_ANALYSIS = YES;
				CLANG_WARN_STRICT_PROTOTYPES = YES;
				CLANG_WARN_SUSPICIOUS_MOVE = YES;
				CLANG_WARN_UNGUARDED_AVAILABILITY = YES_AGGRESSIVE;
				CLANG_WARN_UNREACHABLE_CODE = YES;
				CLANG_WARN__DUPLICATE_METHOD_MATCH = YES;
				COPY_PHASE_STRIP = NO;
				DEBUG_INFORMATION_FORMAT = "dwarf-with-dsym";
				ENABLE_NS_ASSERTIONS = NO;
				ENABLE_STRICT_OBJC_MSGSEND = YES;
				GCC_C_LANGUAGE_STANDARD = gnu11;
				GCC_NO_COMMON_BLOCKS = YES;
				GCC_WARN_64_TO_32_BIT_CONVERSION = YES;
				GCC_WARN_ABOUT_RETURN_TYPE = YES_ERROR;
				GCC_WARN_UNDECLARED_SELECTOR = YES;
				GCC_WARN_UNINITIALIZED_AUTOS = YES_AGGRESSIVE;
				GCC_WARN_UNUSED_FUNCTION = YES;
				GCC_WARN_UNUSED_VARIABLE = YES;
				IPHONEOS_DEPLOYMENT_TARGET = 14.5;
				MTL_ENABLE_DEBUG_INFO = NO;
				MTL_FAST_MATH = YES;
				SDKROOT = iphoneos;
				SWIFT_COMPILATION_MODE = wholemodule;
				SWIFT_OPTIMIZATION_LEVEL = "-O";
				VALIDATE_PRODUCT = YES;
			};
			name = Release;
		};
		0FB467ED26A9F375008BBF10 /* Debug */ = {
			isa = XCBuildConfiguration;
			buildSettings = {
				ASSETCATALOG_COMPILER_APPICON_NAME = AppIcon;
				ASSETCATALOG_COMPILER_GLOBAL_ACCENT_COLOR_NAME = AccentColor;
				CLANG_ENABLE_MODULES = YES;
				CODE_SIGN_STYLE = Automatic;
				DEVELOPMENT_ASSET_PATHS = "\"Matching Game/Preview Content\"";
				DEVELOPMENT_TEAM = 635A7ZN57F;
				ENABLE_PREVIEWS = YES;
				INFOPLIST_FILE = "Matching Game/Info.plist";
				LD_RUNPATH_SEARCH_PATHS = (
					"$(inherited)",
					"@executable_path/Frameworks",
				);
				PRODUCT_BUNDLE_IDENTIFIER = "Stanley-Moukh.Matching-Game";
				PRODUCT_NAME = "$(TARGET_NAME)";
				SWIFT_OPTIMIZATION_LEVEL = "-Onone";
				SWIFT_VERSION = 5.0;
				TARGETED_DEVICE_FAMILY = "1,2";
			};
			name = Debug;
		};
		0FB467EE26A9F375008BBF10 /* Release */ = {
			isa = XCBuildConfiguration;
			buildSettings = {
				ASSETCATALOG_COMPILER_APPICON_NAME = AppIcon;
				ASSETCATALOG_COMPILER_GLOBAL_ACCENT_COLOR_NAME = AccentColor;
				CLANG_ENABLE_MODULES = YES;
				CODE_SIGN_STYLE = Automatic;
				DEVELOPMENT_ASSET_PATHS = "\"Matching Game/Preview Content\"";
				DEVELOPMENT_TEAM = 635A7ZN57F;
				ENABLE_PREVIEWS = YES;
				INFOPLIST_FILE = "Matching Game/Info.plist";
				LD_RUNPATH_SEARCH_PATHS = (
					"$(inherited)",
					"@executable_path/Frameworks",
				);
				PRODUCT_BUNDLE_IDENTIFIER = "Stanley-Moukh.Matching-Game";
				PRODUCT_NAME = "$(TARGET_NAME)";
				SWIFT_VERSION = 5.0;
				TARGETED_DEVICE_FAMILY = "1,2";
			};
			name = Release;
		};
/* End XCBuildConfiguration section */

/* Begin XCConfigurationList section */
		0FB467D326A9F373008BBF10 /* Build configuration list for PBXProject "Matching Game" */ = {
			isa = XCConfigurationList;
			buildConfigurations = (
				0FB467EA26A9F375008BBF10 /* Debug */,
				0FB467EB26A9F375008BBF10 /* Release */,
			);
			defaultConfigurationIsVisible = 0;
			defaultConfigurationName = Release;
		};
		0FB467EC26A9F375008BBF10 /* Build configuration list for PBXNativeTarget "Matching Game" */ = {
			isa = XCConfigurationList;
			buildConfigurations = (
				0FB467ED26A9F375008BBF10 /* Debug */,
				0FB467EE26A9F375008BBF10 /* Release */,
			);
			defaultConfigurationIsVisible = 0;
			defaultConfigurationName = Release;
		};
/* End XCConfigurationList section */
	};
	rootObject = 0FB467D026A9F373008BBF10 /* Project object */;
}
